
Microsoft Visual Studio Solution File, Format Version 12.00
# Visual Studio Version 17
VisualStudioVersion = 17.2.32630.192
MinimumVisualStudioVersion = 10.0.40219.1
Project("{FAE04EC0-301F-11D3-BF4B-00C04F79EFBC}") = "Booking System", "Booking System\Booking System.csproj", "{A639D1EB-46F3-4A34-9928-258F6541699A}"
EndProject
Global
	GlobalSection(SolutionConfigurationPlatforms) = preSolution
		Debug|Any CPU = Debug|Any CPU
		Debug|x64 = Debug|x64
		Release|Any CPU = Release|Any CPU
		Release|x64 = Release|x64
	EndGlobalSection
	GlobalSection(ProjectConfigurationPlatforms) = postSolution
		{A639D1EB-46F3-4A34-9928-258F6541699A}.Debug|Any CPU.ActiveCfg = Debug|Any CPU
		{A639D1EB-46F3-4A34-9928-258F6541699A}.Debug|Any CPU.Build.0 = Debug|Any CPU
		{A639D1EB-46F3-4A34-9928-258F6541699A}.Debug|x64.ActiveCfg = Debug|x64
		{A639D1EB-46F3-4A34-9928-258F6541699A}.Debug|x64.Build.0 = Debug|x64
		{A639D1EB-46F3-4A34-9928-258F6541699A}.Release|Any CPU.ActiveCfg = Release|Any CPU
		{A639D1EB-46F3-4A34-9928-258F6541699A}.Release|Any CPU.Build.0 = Release|Any CPU
		{A639D1EB-46F3-4A34-9928-258F6541699A}.Release|x64.ActiveCfg = Release|x64
		{A639D1EB-46F3-4A34-9928-258F6541699A}.Release|x64.Build.0 = Release|x64
	EndGlobalSection
	GlobalSection(SolutionProperties) = preSolution
		HideSolutionNode = FALSE
	EndGlobalSection
	GlobalSection(ExtensibilityGlobals) = postSolution
		SolutionGuid = {E88899E6-A812-483F-B6E4-543B3B24526D}
	EndGlobalSection
EndGlobal
