
Microsoft Visual Studio Solution File, Format Version 12.00
# Visual Studio Version 17
VisualStudioVersion = 17.2.32616.157
MinimumVisualStudioVersion = 10.0.40219.1
Project("{FAE04EC0-301F-11D3-BF4B-00C04F79EFBC}") = "Booking System", "Booking System\Booking System.csproj", "{CFB8B05B-6515-4567-8B4E-CD66601D40EB}"
EndProject
Global
	GlobalSection(SolutionConfigurationPlatforms) = preSolution
		Debug|Any CPU = Debug|Any CPU
		Release|Any CPU = Release|Any CPU
	EndGlobalSection
	GlobalSection(ProjectConfigurationPlatforms) = postSolution
		{CFB8B05B-6515-4567-8B4E-CD66601D40EB}.Debug|Any CPU.ActiveCfg = Debug|Any CPU
		{CFB8B05B-6515-4567-8B4E-CD66601D40EB}.Debug|Any CPU.Build.0 = Debug|Any CPU
		{CFB8B05B-6515-4567-8B4E-CD66601D40EB}.Release|Any CPU.ActiveCfg = Release|Any CPU
		{CFB8B05B-6515-4567-8B4E-CD66601D40EB}.Release|Any CPU.Build.0 = Release|Any CPU
	EndGlobalSection
	GlobalSection(SolutionProperties) = preSolution
		HideSolutionNode = FALSE
	EndGlobalSection
	GlobalSection(ExtensibilityGlobals) = postSolution
		SolutionGuid = {5AED3F8E-5309-4D29-8627-1E93E17EFFF8}
	EndGlobalSection
EndGlobal
